
Microsoft Visual Studio Solution File, Format Version 11.00
# Visual Studio 2010
Project("{FAE04EC0-301F-11D3-BF4B-00C04F79EFBC}") = "Assembly-CSharp", "Assembly-CSharp.csproj", "{e5ff787b-dd95-4330-5ce8-9faca32ad07f}"
EndProject
Project("{FAE04EC0-301F-11D3-BF4B-00C04F79EFBC}") = "Assembly-CSharp-Editor", "Assembly-CSharp-Editor.csproj", "{8a8ef3f6-1022-5f2a-45c7-63aea9c1fc30}"
EndProject
Global
	GlobalSection(SolutionConfigurationPlatforms) = preSolution
		Debug|Any CPU = Debug|Any CPU
	EndGlobalSection
	GlobalSection(ProjectConfigurationPlatforms) = postSolution
		{e5ff787b-dd95-4330-5ce8-9faca32ad07f}.Debug|Any CPU.ActiveCfg = Debug|Any CPU
		{e5ff787b-dd95-4330-5ce8-9faca32ad07f}.Debug|Any CPU.Build.0 = Debug|Any CPU
		{8a8ef3f6-1022-5f2a-45c7-63aea9c1fc30}.Debug|Any CPU.ActiveCfg = Debug|Any CPU
		{8a8ef3f6-1022-5f2a-45c7-63aea9c1fc30}.Debug|Any CPU.Build.0 = Debug|Any CPU
	EndGlobalSection
	GlobalSection(SolutionProperties) = preSolution
		HideSolutionNode = FALSE
	EndGlobalSection
EndGlobal
